# This file is automatically generated.
# It is not intended for manual editing.
version = 1

[[packages]]
name = "wasi:cli"
registry = "wasi.dev"

[[packages.versions]]
requirement = "=0.3.0-rc-2025-09-16"
version = "0.3.0-rc-2025-09-16"
digest = "sha256:3af845b6a16a2d6cd7eebe0baf0ee234b97f31094bb8bce6b4d4c5fd7b413b44"

[[packages]]
name = "wasi:clocks"
registry = "wasi.dev"

[[packages.versions]]
requirement = "=0.3.0-rc-2025-09-16"
version = "0.3.0-rc-2025-09-16"
digest = "sha256:0601bac03b146da5bf5070973eb0bc5caad21988f2bdfc3589d33cffa7666114"

[[packages]]
name = "wasi:filesystem"
registry = "wasi.dev"

[[packages.versions]]
requirement = "=0.3.0-rc-2025-09-16"
version = "0.3.0-rc-2025-09-16"
digest = "sha256:6d36730744798f50499b7afbca69ca0dd81a3064a7e45a1020ecf3e5193a20f8"

[[packages]]
name = "wasi:http"
registry = "wasi.dev"

[[packages.versions]]
requirement = "=0.3.0-rc-2025-09-16"
version = "0.3.0-rc-2025-09-16"
digest = "sha256:9d25fe248865fb28655d62d14a7cb983ffb90f2d36c04b9b56142bd49053697a"

[[packages]]
name = "wasi:random"
registry = "wasi.dev"

[[packages.versions]]
requirement = "=0.3.0-rc-2025-09-16"
version = "0.3.0-rc-2025-09-16"
digest = "sha256:70261c1ae9ae6b6563ca9d6a491d0b08ef0957cd1efbbf61aa2e64558acabc2a"

[[packages]]
name = "wasi:sockets"
registry = "wasi.dev"

[[packages.versions]]
requirement = "=0.3.0-rc-2025-09-16"
version = "0.3.0-rc-2025-09-16"
digest = "sha256:f94d3eec14d3d4fd8be945c0550d68f3289a009224a60462c69bf52f039b5eed"
